
Microsoft Visual Studio Solution File, Format Version 12.00
# Visual Studio 15
VisualStudioVersion = 15.0.28307.421
MinimumVisualStudioVersion = 10.0.40219.1
Project("{FAE04EC0-301F-11D3-BF4B-00C04F79EFBC}") = "ChocolateBoxesAllanL", "ChocolateBoxesAllanL\ChocolateBoxesAllanL.csproj", "{A7CA54CC-0DD2-4875-9685-5DA304848409}"
EndProject
Global
	GlobalSection(SolutionConfigurationPlatforms) = preSolution
		Debug|Any CPU = Debug|Any CPU
		Release|Any CPU = Release|Any CPU
	EndGlobalSection
	GlobalSection(ProjectConfigurationPlatforms) = postSolution
		{A7CA54CC-0DD2-4875-9685-5DA304848409}.Debug|Any CPU.ActiveCfg = Debug|Any CPU
		{A7CA54CC-0DD2-4875-9685-5DA304848409}.Debug|Any CPU.Build.0 = Debug|Any CPU
		{A7CA54CC-0DD2-4875-9685-5DA304848409}.Release|Any CPU.ActiveCfg = Release|Any CPU
		{A7CA54CC-0DD2-4875-9685-5DA304848409}.Release|Any CPU.Build.0 = Release|Any CPU
	EndGlobalSection
	GlobalSection(SolutionProperties) = preSolution
		HideSolutionNode = FALSE
	EndGlobalSection
	GlobalSection(ExtensibilityGlobals) = postSolution
		SolutionGuid = {38DEF127-FF26-462D-BDFA-F8677FA2E5ED}
	EndGlobalSection
EndGlobal
